Microsoft Visual Studio Solution File, Format Version 12.00
# Visual Studio Version 18
VisualStudioVersion = 18.2.11415.280 d18.0
MinimumVisualStudioVersion = 10.0.40219.1
Project("{FAE04EC0-301F-11D3-BF4B-00C04F79EFBC}") = "ReviewTool", "ReviewTool.csproj", "{2A0286F1-0164-2EE5-6567-997B0649343A}"
EndProject
Global
	GlobalSection(SolutionConfigurationPlatforms) = preSolution
		Debug|Any CPU = Debug|Any CPU
		Debug|x64 = Debug|x64
		Release|Any CPU = Release|Any CPU
		Release|x64 = Release|x64
	EndGlobalSection
	GlobalSection(ProjectConfigurationPlatforms) = postSolution
		{2A0286F1-0164-2EE5-6567-997B0649343A}.Debug|Any CPU.ActiveCfg = Debug|Any CPU
		{2A0286F1-0164-2EE5-6567-997B0649343A}.Debug|Any CPU.Build.0 = Debug|Any CPU
		{2A0286F1-0164-2EE5-6567-997B0649343A}.Debug|x64.ActiveCfg = Debug|x64
		{2A0286F1-0164-2EE5-6567-997B0649343A}.Debug|x64.Build.0 = Debug|x64
		{2A0286F1-0164-2EE5-6567-997B0649343A}.Release|Any CPU.ActiveCfg = Release|Any CPU
		{2A0286F1-0164-2EE5-6567-997B0649343A}.Release|Any CPU.Build.0 = Release|Any CPU
		{2A0286F1-0164-2EE5-6567-997B0649343A}.Release|x64.ActiveCfg = Release|x64
		{2A0286F1-0164-2EE5-6567-997B0649343A}.Release|x64.Build.0 = Release|x64
	EndGlobalSection
	GlobalSection(SolutionProperties) = preSolution
		HideSolutionNode = FALSE
	EndGlobalSection
	GlobalSection(ExtensibilityGlobals) = postSolution
		SolutionGuid = {B0190979-FF4C-47F7-8626-B5454E97436D}
	EndGlobalSection
EndGlobal
